
Microsoft Visual Studio Solution File, Format Version 12.00
# Visual Studio 14
VisualStudioVersion = 14.0.24720.0
MinimumVisualStudioVersion = 10.0.40219.1
Project("{FAE04EC0-301F-11D3-BF4B-00C04F79EFBC}") = "StudentManage.DistributedService", "StudentManage.DistributedService\StudentManage.DistributedService.csproj", "{8E2360E5-1075-4A7F-9644-4E800FB52D43}"
EndProject
Project("{FAE04EC0-301F-11D3-BF4B-00C04F79EFBC}") = "StudentManage.Domain", "StudentManage.Domain\StudentManage.Domain.csproj", "{1CC70284-366B-4B71-8926-3DCCFA531C6E}"
EndProject
Project("{FAE04EC0-301F-11D3-BF4B-00C04F79EFBC}") = "StudentManage.Services", "StudentManage.Services\StudentManage.Services.csproj", "{2DA77073-7B64-4BA1-AB10-40D3B833CE4A}"
EndProject
Project("{FAE04EC0-301F-11D3-BF4B-00C04F79EFBC}") = "StudentManage.Common", "StudentManage.Common\StudentManage.Common.csproj", "{CE4DEA00-C4CE-49F4-AAD4-D782D1EAED77}"
EndProject
Global
	GlobalSection(SolutionConfigurationPlatforms) = preSolution
		Debug|Any CPU = Debug|Any CPU
		Release|Any CPU = Release|Any CPU
	EndGlobalSection
	GlobalSection(ProjectConfigurationPlatforms) = postSolution
		{8E2360E5-1075-4A7F-9644-4E800FB52D43}.Debug|Any CPU.ActiveCfg = Debug|Any CPU
		{8E2360E5-1075-4A7F-9644-4E800FB52D43}.Debug|Any CPU.Build.0 = Debug|Any CPU
		{8E2360E5-1075-4A7F-9644-4E800FB52D43}.Release|Any CPU.ActiveCfg = Release|Any CPU
		{8E2360E5-1075-4A7F-9644-4E800FB52D43}.Release|Any CPU.Build.0 = Release|Any CPU
		{1CC70284-366B-4B71-8926-3DCCFA531C6E}.Debug|Any CPU.ActiveCfg = Debug|Any CPU
		{1CC70284-366B-4B71-8926-3DCCFA531C6E}.Debug|Any CPU.Build.0 = Debug|Any CPU
		{1CC70284-366B-4B71-8926-3DCCFA531C6E}.Release|Any CPU.ActiveCfg = Release|Any CPU
		{1CC70284-366B-4B71-8926-3DCCFA531C6E}.Release|Any CPU.Build.0 = Release|Any CPU
		{2DA77073-7B64-4BA1-AB10-40D3B833CE4A}.Debug|Any CPU.ActiveCfg = Debug|Any CPU
		{2DA77073-7B64-4BA1-AB10-40D3B833CE4A}.Debug|Any CPU.Build.0 = Debug|Any CPU
		{2DA77073-7B64-4BA1-AB10-40D3B833CE4A}.Release|Any CPU.ActiveCfg = Release|Any CPU
		{2DA77073-7B64-4BA1-AB10-40D3B833CE4A}.Release|Any CPU.Build.0 = Release|Any CPU
		{CE4DEA00-C4CE-49F4-AAD4-D782D1EAED77}.Debug|Any CPU.ActiveCfg = Debug|Any CPU
		{CE4DEA00-C4CE-49F4-AAD4-D782D1EAED77}.Debug|Any CPU.Build.0 = Debug|Any CPU
		{CE4DEA00-C4CE-49F4-AAD4-D782D1EAED77}.Release|Any CPU.ActiveCfg = Release|Any CPU
		{CE4DEA00-C4CE-49F4-AAD4-D782D1EAED77}.Release|Any CPU.Build.0 = Release|Any CPU
	EndGlobalSection
	GlobalSection(SolutionProperties) = preSolution
		HideSolutionNode = FALSE
	EndGlobalSection
EndGlobal
